
Microsoft Visual Studio Solution File, Format Version 12.00
# Visual Studio Version 17
VisualStudioVersion = 17.4.33213.308
MinimumVisualStudioVersion = 10.0.40219.1
Project("{FAE04EC0-301F-11D3-BF4B-00C04F79EFBC}") = "SwapNumber", "SwapNumber.csproj", "{3013637A-2ACF-45F2-8130-7CB4E1BC9106}"
EndProject
Global
	GlobalSection(SolutionConfigurationPlatforms) = preSolution
		Debug|Any CPU = Debug|Any CPU
		Release|Any CPU = Release|Any CPU
	EndGlobalSection
	GlobalSection(ProjectConfigurationPlatforms) = postSolution
		{3013637A-2ACF-45F2-8130-7CB4E1BC9106}.Debug|Any CPU.ActiveCfg = Debug|Any CPU
		{3013637A-2ACF-45F2-8130-7CB4E1BC9106}.Debug|Any CPU.Build.0 = Debug|Any CPU
		{3013637A-2ACF-45F2-8130-7CB4E1BC9106}.Release|Any CPU.ActiveCfg = Release|Any CPU
		{3013637A-2ACF-45F2-8130-7CB4E1BC9106}.Release|Any CPU.Build.0 = Release|Any CPU
	EndGlobalSection
	GlobalSection(SolutionProperties) = preSolution
		HideSolutionNode = FALSE
	EndGlobalSection
	GlobalSection(ExtensibilityGlobals) = postSolution
		SolutionGuid = {EE62476B-0C71-4489-ACDE-202F5DC045BA}
	EndGlobalSection
EndGlobal
